// !$*UTF8*$!
{
	archiveVersion = 1;
	classes = {
	};
	objectVersion = 77;
	objects = {

/* Begin PBXBuildFile section */
		E2A8A5B72E3421DA004DC6C9 /* AWSAPIPlugin in Frameworks */ = {isa = PBXBuildFile; productRef = E2A8A5B62E3421DA004DC6C9 /* AWSAPIPlugin */; };
		E2A8A5B92E3421DA004DC6C9 /* AWSCognitoAuthPlugin in Frameworks */ = {isa = PBXBuildFile; productRef = E2A8A5B82E3421DA004DC6C9 /* AWSCognitoAuthPlugin */; };
		E2A8A5BB2E3421DA004DC6C9 /* AWSDataStorePlugin in Frameworks */ = {isa = PBXBuildFile; productRef = E2A8A5BA2E3421DA004DC6C9 /* AWSDataStorePlugin */; };
		F01EA2962E330B7B0017EC9D /* FormValidator in Frameworks */ = {isa = PBXBuildFile; productRef = F01EA2952E330B7B0017EC9D /* FormValidator */; };
/* End PBXBuildFile section */

/* Begin PBXContainerItemProxy section */
		F00937582E2BF3D20035C80D /* PBXContainerItemProxy */ = {
			isa = PBXContainerItemProxy;
			containerPortal = F00937402E2BF3CF0035C80D /* Project object */;
			proxyType = 1;
			remoteGlobalIDString = F00937472E2BF3CF0035C80D;
			remoteInfo = Budj.It;
		};
		F00937622E2BF3D20035C80D /* PBXContainerItemProxy */ = {
			isa = PBXContainerItemProxy;
			containerPortal = F00937402E2BF3CF0035C80D /* Project object */;
			proxyType = 1;
			remoteGlobalIDString = F00937472E2BF3CF0035C80D;
			remoteInfo = Budj.It;
		};
/* End PBXContainerItemProxy section */

/* Begin PBXFileReference section */
		F00937482E2BF3CF0035C80D /* Budj.It.app */ = {isa = PBXFileReference; explicitFileType = wrapper.application; includeInIndex = 0; path = Budj.It.app; sourceTree = BUILT_PRODUCTS_DIR; };
		F00937572E2BF3D20035C80D /* Budj.ItTests.xctest */ = {isa = PBXFileReference; explicitFileType = wrapper.cfbundle; includeInIndex = 0; path = Budj.ItTests.xctest; sourceTree = BUILT_PRODUCTS_DIR; };
		F00937612E2BF3D20035C80D /* Budj.ItUITests.xctest */ = {isa = PBXFileReference; explicitFileType = wrapper.cfbundle; includeInIndex = 0; path = Budj.ItUITests.xctest; sourceTree = BUILT_PRODUCTS_DIR; };
/* End PBXFileReference section */

/* Begin PBXFileSystemSynchronizedBuildFileExceptionSet section */
		E2A8A5B42E341F06004DC6C9 /* Exceptions for "Budj.It" folder in "Budj.ItTests" target */ = {
			isa = PBXFileSystemSynchronizedBuildFileExceptionSet;
			membershipExceptions = (
				amplify_outputs.json,
			);
			target = F00937562E2BF3D20035C80D /* Budj.ItTests */;
		};
/* End PBXFileSystemSynchronizedBuildFileExceptionSet section */

/* Begin PBXFileSystemSynchronizedRootGroup section */
		F009374A2E2BF3CF0035C80D /* Budj.It */ = {
			isa = PBXFileSystemSynchronizedRootGroup;
			exceptions = (
				E2A8A5B42E341F06004DC6C9 /* Exceptions for "Budj.It" folder in "Budj.ItTests" target */,
			);
			path = Budj.It;
			sourceTree = "<group>";
		};
		F009375A2E2BF3D20035C80D /* Budj.ItTests */ = {
			isa = PBXFileSystemSynchronizedRootGroup;
			path = Budj.ItTests;
			sourceTree = "<group>";
		};
		F00937642E2BF3D20035C80D /* Budj.ItUITests */ = {
			isa = PBXFileSystemSynchronizedRootGroup;
			path = Budj.ItUITests;
			sourceTree = "<group>";
		};
/* End PBXFileSystemSynchronizedRootGroup section */

/* Begin PBXFrameworksBuildPhase section */
		F00937452E2BF3CF0035C80D /* Frameworks */ = {
			isa = PBXFrameworksBuildPhase;
			buildActionMask = 2147483647;
			files = (
				E2A8A5B72E3421DA004DC6C9 /* AWSAPIPlugin in Frameworks */,
				F01EA2962E330B7B0017EC9D /* FormValidator in Frameworks */,
				E2A8A5B92E3421DA004DC6C9 /* AWSCognitoAuthPlugin in Frameworks */,
				E2A8A5BB2E3421DA004DC6C9 /* AWSDataStorePlugin in Frameworks */,
			);
			runOnlyForDeploymentPostprocessing = 0;
		};
		F00937542E2BF3D20035C80D /* Frameworks */ = {
			isa = PBXFrameworksBuildPhase;
			buildActionMask = 2147483647;
			files = (
			);
			runOnlyForDeploymentPostprocessing = 0;
		};
		F009375E2E2BF3D20035C80D /* Frameworks */ = {
			isa = PBXFrameworksBuildPhase;
			buildActionMask = 2147483647;
			files = (
			);
			runOnlyForDeploymentPostprocessing = 0;
		};
/* End PBXFrameworksBuildPhase section */

/* Begin PBXGroup section */
		F009373F2E2BF3CF0035C80D = {
			isa = PBXGroup;
			children = (
				F009374A2E2BF3CF0035C80D /* Budj.It */,
				F009375A2E2BF3D20035C80D /* Budj.ItTests */,
				F00937642E2BF3D20035C80D /* Budj.ItUITests */,
				F00937492E2BF3CF0035C80D /* Products */,
			);
			sourceTree = "<group>";
		};
		F00937492E2BF3CF0035C80D /* Products */ = {
			isa = PBXGroup;
			children = (
				F00937482E2BF3CF0035C80D /* Budj.It.app */,
				F00937572E2BF3D20035C80D /* Budj.ItTests.xctest */,
				F00937612E2BF3D20035C80D /* Budj.ItUITests.xctest */,
			);
			name = Products;
			sourceTree = "<group>";
		};
/* End PBXGroup section */

/* Begin PBXNativeTarget section */
		F00937472E2BF3CF0035C80D /* Budj.It */ = {
			isa = PBXNativeTarget;
			buildConfigurationList = F009376B2E2BF3D20035C80D /* Build configuration list for PBXNativeTarget "Budj.It" */;
			buildPhases = (
				F00937442E2BF3CF0035C80D /* Sources */,
				F00937452E2BF3CF0035C80D /* Frameworks */,
				F00937462E2BF3CF0035C80D /* Resources */,
			);
			buildRules = (
			);
			dependencies = (
			);
			fileSystemSynchronizedGroups = (
				F009374A2E2BF3CF0035C80D /* Budj.It */,
			);
			name = Budj.It;
			packageProductDependencies = (
				F01EA2952E330B7B0017EC9D /* FormValidator */,
				E2A8A5B62E3421DA004DC6C9 /* AWSAPIPlugin */,
				E2A8A5B82E3421DA004DC6C9 /* AWSCognitoAuthPlugin */,
				E2A8A5BA2E3421DA004DC6C9 /* AWSDataStorePlugin */,
			);
			productName = Budj.It;
			productReference = F00937482E2BF3CF0035C80D /* Budj.It.app */;
			productType = "com.apple.product-type.application";
		};
		F00937562E2BF3D20035C80D /* Budj.ItTests */ = {
			isa = PBXNativeTarget;
			buildConfigurationList = F009376E2E2BF3D20035C80D /* Build configuration list for PBXNativeTarget "Budj.ItTests" */;
			buildPhases = (
				F00937532E2BF3D20035C80D /* Sources */,
				F00937542E2BF3D20035C80D /* Frameworks */,
				F00937552E2BF3D20035C80D /* Resources */,
			);
			buildRules = (
			);
			dependencies = (
				F00937592E2BF3D20035C80D /* PBXTargetDependency */,
			);
			fileSystemSynchronizedGroups = (
				F009375A2E2BF3D20035C80D /* Budj.ItTests */,
			);
			name = Budj.ItTests;
			packageProductDependencies = (
			);
			productName = Budj.ItTests;
			productReference = F00937572E2BF3D20035C80D /* Budj.ItTests.xctest */;
			productType = "com.apple.product-type.bundle.unit-test";
		};
		F00937602E2BF3D20035C80D /* Budj.ItUITests */ = {
			isa = PBXNativeTarget;
			buildConfigurationList = F00937712E2BF3D20035C80D /* Build configuration list for PBXNativeTarget "Budj.ItUITests" */;
			buildPhases = (
				F009375D2E2BF3D20035C80D /* Sources */,
				F009375E2E2BF3D20035C80D /* Frameworks */,
				F009375F2E2BF3D20035C80D /* Resources */,
			);
			buildRules = (
			);
			dependencies = (
				F00937632E2BF3D20035C80D /* PBXTargetDependency */,
			);
			fileSystemSynchronizedGroups = (
				F00937642E2BF3D20035C80D /* Budj.ItUITests */,
			);
			name = Budj.ItUITests;
			packageProductDependencies = (
			);
			productName = Budj.ItUITests;
			productReference = F00937612E2BF3D20035C80D /* Budj.ItUITests.xctest */;
			productType = "com.apple.product-type.bundle.ui-testing";
		};
/* End PBXNativeTarget section */

/* Begin PBXProject section */
		F00937402E2BF3CF0035C80D /* Project object */ = {
			isa = PBXProject;
			attributes = {
				BuildIndependentTargetsInParallel = 1;
				LastSwiftUpdateCheck = 1640;
				LastUpgradeCheck = 1640;
				TargetAttributes = {
					F00937472E2BF3CF0035C80D = {
						CreatedOnToolsVersion = 16.4;
					};
					F00937562E2BF3D20035C80D = {
						CreatedOnToolsVersion = 16.4;
						TestTargetID = F00937472E2BF3CF0035C80D;
					};
					F00937602E2BF3D20035C80D = {
						CreatedOnToolsVersion = 16.4;
						TestTargetID = F00937472E2BF3CF0035C80D;
					};
				};
			};
			buildConfigurationList = F00937432E2BF3CF0035C80D /* Build configuration list for PBXProject "Budj.It" */;
			developmentRegion = en;
			hasScannedForEncodings = 0;
			knownRegions = (
				en,
				Base,
			);
			mainGroup = F009373F2E2BF3CF0035C80D;
			minimizedProjectReferenceProxies = 1;
			packageReferences = (
				F01EA2942E330B7B0017EC9D /* XCRemoteSwiftPackageReference "SwiftUIFormValidator" */,
				E2A8A5B52E3421DA004DC6C9 /* XCRemoteSwiftPackageReference "amplify-swift" */,
			);
			preferredProjectObjectVersion = 77;
			productRefGroup = F00937492E2BF3CF0035C80D /* Products */;
			projectDirPath = "";
			projectRoot = "";
			targets = (
				F00937472E2BF3CF0035C80D /* Budj.It */,
				F00937562E2BF3D20035C80D /* Budj.ItTests */,
				F00937602E2BF3D20035C80D /* Budj.ItUITests */,
			);
		};
/* End PBXProject section */

/* Begin PBXResourcesBuildPhase section */
		F00937462E2BF3CF0035C80D /* Resources */ = {
			isa = PBXResourcesBuildPhase;
			buildActionMask = 2147483647;
			files = (
			);
			runOnlyForDeploymentPostprocessing = 0;
		};
		F00937552E2BF3D20035C80D /* Resources */ = {
			isa = PBXResourcesBuildPhase;
			buildActionMask = 2147483647;
			files = (
			);
			runOnlyForDeploymentPostprocessing = 0;
		};
		F009375F2E2BF3D20035C80D /* Resources */ = {
			isa = PBXResourcesBuildPhase;
			buildActionMask = 2147483647;
			files = (
			);
			runOnlyForDeploymentPostprocessing = 0;
		};
/* End PBXResourcesBuildPhase section */

/* Begin PBXSourcesBuildPhase section */
		F00937442E2BF3CF0035C80D /* Sources */ = {
			isa = PBXSourcesBuildPhase;
			buildActionMask = 2147483647;
			files = (
			);
			runOnlyForDeploymentPostprocessing = 0;
		};
		F00937532E2BF3D20035C80D /* Sources */ = {
			isa = PBXSourcesBuildPhase;
			buildActionMask = 2147483647;
			files = (
			);
			runOnlyForDeploymentPostprocessing = 0;
		};
		F009375D2E2BF3D20035C80D /* Sources */ = {
			isa = PBXSourcesBuildPhase;
			buildActionMask = 2147483647;
			files = (
			);
			runOnlyForDeploymentPostprocessing = 0;
		};
/* End PBXSourcesBuildPhase section */

/* Begin PBXTargetDependency section */
		F00937592E2BF3D20035C80D /* PBXTargetDependency */ = {
			isa = PBXTargetDependency;
			target = F00937472E2BF3CF0035C80D /* Budj.It */;
			targetProxy = F00937582E2BF3D20035C80D /* PBXContainerItemProxy */;
		};
		F00937632E2BF3D20035C80D /* PBXTargetDependency */ = {
			isa = PBXTargetDependency;
			target = F00937472E2BF3CF0035C80D /* Budj.It */;
			targetProxy = F00937622E2BF3D20035C80D /* PBXContainerItemProxy */;
		};
/* End PBXTargetDependency section */

/* Begin XCBuildConfiguration section */
		F00937692E2BF3D20035C80D /* Debug */ = {
			isa = XCBuildConfiguration;
			buildSettings = {
				ALWAYS_SEARCH_USER_PATHS = NO;
				ASSETCATALOG_COMPILER_GENERATE_SWIFT_ASSET_SYMBOL_EXTENSIONS = YES;
				CLANG_ANALYZER_NONNULL = YES;
				CLANG_ANALYZER_NUMBER_OBJECT_CONVERSION = YES_AGGRESSIVE;
				CLANG_CXX_LANGUAGE_STANDARD = "gnu++20";
				CLANG_ENABLE_MODULES = YES;
				CLANG_ENABLE_OBJC_ARC = YES;
				CLANG_ENABLE_OBJC_WEAK = YES;
				CLANG_WARN_BLOCK_CAPTURE_AUTORELEASING = YES;
				CLANG_WARN_BOOL_CONVERSION = YES;
				CLANG_WARN_COMMA = YES;
				CLANG_WARN_CONSTANT_CONVERSION = YES;
				CLANG_WARN_DEPRECATED_OBJC_IMPLEMENTATIONS = YES;
				CLANG_WARN_DIRECT_OBJC_ISA_USAGE = YES_ERROR;
				CLANG_WARN_DOCUMENTATION_COMMENTS = YES;
				CLANG_WARN_EMPTY_BODY = YES;
				CLANG_WARN_ENUM_CONVERSION = YES;
				CLANG_WARN_INFINITE_RECURSION = YES;
				CLANG_WARN_INT_CONVERSION = YES;
				CLANG_WARN_NON_LITERAL_NULL_CONVERSION = YES;
				CLANG_WARN_OBJC_IMPLICIT_RETAIN_SELF = YES;
				CLANG_WARN_OBJC_LITERAL_CONVERSION = YES;
				CLANG_WARN_OBJC_ROOT_CLASS = YES_ERROR;
				CLANG_WARN_QUOTED_INCLUDE_IN_FRAMEWORK_HEADER = YES;
				CLANG_WARN_RANGE_LOOP_ANALYSIS = YES;
				CLANG_WARN_STRICT_PROTOTYPES = YES;
				CLANG_WARN_SUSPICIOUS_MOVE = YES;
				CLANG_WARN_UNGUARDED_AVAILABILITY = YES_AGGRESSIVE;
				CLANG_WARN_UNREACHABLE_CODE = YES;
				CLANG_WARN__DUPLICATE_METHOD_MATCH = YES;
				COPY_PHASE_STRIP = NO;
				DEBUG_INFORMATION_FORMAT = dwarf;
				DEVELOPMENT_TEAM = 2R46Z987AY;
				ENABLE_STRICT_OBJC_MSGSEND = YES;
				ENABLE_TESTABILITY = YES;
				ENABLE_USER_SCRIPT_SANDBOXING = YES;
				GCC_C_LANGUAGE_STANDARD = gnu17;
				GCC_DYNAMIC_NO_PIC = NO;
				GCC_NO_COMMON_BLOCKS = YES;
				GCC_OPTIMIZATION_LEVEL = 0;
				GCC_PREPROCESSOR_DEFINITIONS = (
					"DEBUG=1",
					"$(inherited)",
				);
				GCC_WARN_64_TO_32_BIT_CONVERSION = YES;
				GCC_WARN_ABOUT_RETURN_TYPE = YES_ERROR;
				GCC_WARN_UNDECLARED_SELECTOR = YES;
				GCC_WARN_UNINITIALIZED_AUTOS = YES_AGGRESSIVE;
				GCC_WARN_UNUSED_FUNCTION = YES;
				GCC_WARN_UNUSED_VARIABLE = YES;
				IPHONEOS_DEPLOYMENT_TARGET = 18.5;
				LOCALIZATION_PREFERS_STRING_CATALOGS = YES;
				MTL_ENABLE_DEBUG_INFO = INCLUDE_SOURCE;
				MTL_FAST_MATH = YES;
				ONLY_ACTIVE_ARCH = YES;
				SDKROOT = iphoneos;
				SWIFT_ACTIVE_COMPILATION_CONDITIONS = "DEBUG $(inherited)";
				SWIFT_OPTIMIZATION_LEVEL = "-Onone";
			};
			name = Debug;
		};
		F009376A2E2BF3D20035C80D /* Release */ = {
			isa = XCBuildConfiguration;
			buildSettings = {
				ALWAYS_SEARCH_USER_PATHS = NO;
				ASSETCATALOG_COMPILER_GENERATE_SWIFT_ASSET_SYMBOL_EXTENSIONS = YES;
				CLANG_ANALYZER_NONNULL = YES;
				CLANG_ANALYZER_NUMBER_OBJECT_CONVERSION = YES_AGGRESSIVE;
				CLANG_CXX_LANGUAGE_STANDARD = "gnu++20";
				CLANG_ENABLE_MODULES = YES;
				CLANG_ENABLE_OBJC_ARC = YES;
				CLANG_ENABLE_OBJC_WEAK = YES;
				CLANG_WARN_BLOCK_CAPTURE_AUTORELEASING = YES;
				CLANG_WARN_BOOL_CONVERSION = YES;
				CLANG_WARN_COMMA = YES;
				CLANG_WARN_CONSTANT_CONVERSION = YES;
				CLANG_WARN_DEPRECATED_OBJC_IMPLEMENTATIONS = YES;
				CLANG_WARN_DIRECT_OBJC_ISA_USAGE = YES_ERROR;
				CLANG_WARN_DOCUMENTATION_COMMENTS = YES;
				CLANG_WARN_EMPTY_BODY = YES;
				CLANG_WARN_ENUM_CONVERSION = YES;
				CLANG_WARN_INFINITE_RECURSION = YES;
				CLANG_WARN_INT_CONVERSION = YES;
				CLANG_WARN_NON_LITERAL_NULL_CONVERSION = YES;
				CLANG_WARN_OBJC_IMPLICIT_RETAIN_SELF = YES;
				CLANG_WARN_OBJC_LITERAL_CONVERSION = YES;
				CLANG_WARN_OBJC_ROOT_CLASS = YES_ERROR;
				CLANG_WARN_QUOTED_INCLUDE_IN_FRAMEWORK_HEADER = YES;
				CLANG_WARN_RANGE_LOOP_ANALYSIS = YES;
				CLANG_WARN_STRICT_PROTOTYPES = YES;
				CLANG_WARN_SUSPICIOUS_MOVE = YES;
				CLANG_WARN_UNGUARDED_AVAILABILITY = YES_AGGRESSIVE;
				CLANG_WARN_UNREACHABLE_CODE = YES;
				CLANG_WARN__DUPLICATE_METHOD_MATCH = YES;
				COPY_PHASE_STRIP = NO;
				DEBUG_INFORMATION_FORMAT = "dwarf-with-dsym";
				DEVELOPMENT_TEAM = 2R46Z987AY;
				ENABLE_NS_ASSERTIONS = NO;
				ENABLE_STRICT_OBJC_MSGSEND = YES;
				ENABLE_USER_SCRIPT_SANDBOXING = YES;
				GCC_C_LANGUAGE_STANDARD = gnu17;
				GCC_NO_COMMON_BLOCKS = YES;
				GCC_WARN_64_TO_32_BIT_CONVERSION = YES;
				GCC_WARN_ABOUT_RETURN_TYPE = YES_ERROR;
				GCC_WARN_UNDECLARED_SELECTOR = YES;
				GCC_WARN_UNINITIALIZED_AUTOS = YES_AGGRESSIVE;
				GCC_WARN_UNUSED_FUNCTION = YES;
				GCC_WARN_UNUSED_VARIABLE = YES;
				IPHONEOS_DEPLOYMENT_TARGET = 18.5;
				LOCALIZATION_PREFERS_STRING_CATALOGS = YES;
				MTL_ENABLE_DEBUG_INFO = NO;
				MTL_FAST_MATH = YES;
				SDKROOT = iphoneos;
				SWIFT_COMPILATION_MODE = wholemodule;
				VALIDATE_PRODUCT = YES;
			};
			name = Release;
		};
		F009376C2E2BF3D20035C80D /* Debug */ = {
			isa = XCBuildConfiguration;
			buildSettings = {
				ASSETCATALOG_COMPILER_APPICON_NAME = AppIcon;
				ASSETCATALOG_COMPILER_GLOBAL_ACCENT_COLOR_NAME = AccentColor;
				CODE_SIGN_STYLE = Automatic;
				CURRENT_PROJECT_VERSION = 1;
				DEVELOPMENT_TEAM = 2R46Z987AY;
				ENABLE_PREVIEWS = YES;
				GENERATE_INFOPLIST_FILE = YES;
				INFOPLIST_KEY_UIApplicationSceneManifest_Generation = YES;
				INFOPLIST_KEY_UIApplicationSupportsIndirectInputEvents = YES;
				INFOPLIST_KEY_UILaunchScreen_Generation = YES;
				INFOPLIST_KEY_UISupportedInterfaceOrientations_iPad = "UIInterfaceOrientationPortrait UIInterfaceOrientationPortraitUpsideDown UIInterfaceOrientationLandscapeLeft UIInterfaceOrientationLandscapeRight";
				INFOPLIST_KEY_UISupportedInterfaceOrientations_iPhone = "UIInterfaceOrientationPortrait UIInterfaceOrientationLandscapeLeft UIInterfaceOrientationLandscapeRight";
				LD_RUNPATH_SEARCH_PATHS = (
					"$(inherited)",
					"@executable_path/Frameworks",
				);
				MARKETING_VERSION = 1.0;
				PRODUCT_BUNDLE_IDENTIFIER = "apollorowe.Budj-It";
				PRODUCT_NAME = "$(TARGET_NAME)";
				SWIFT_EMIT_LOC_STRINGS = YES;
				SWIFT_VERSION = 5.0;
				TARGETED_DEVICE_FAMILY = "1,2";
			};
			name = Debug;
		};
		F009376D2E2BF3D20035C80D /* Release */ = {
			isa = XCBuildConfiguration;
			buildSettings = {
				ASSETCATALOG_COMPILER_APPICON_NAME = AppIcon;
				ASSETCATALOG_COMPILER_GLOBAL_ACCENT_COLOR_NAME = AccentColor;
				CODE_SIGN_STYLE = Automatic;
				CURRENT_PROJECT_VERSION = 1;
				DEVELOPMENT_TEAM = 2R46Z987AY;
				ENABLE_PREVIEWS = YES;
				GENERATE_INFOPLIST_FILE = YES;
				INFOPLIST_KEY_UIApplicationSceneManifest_Generation = YES;
				INFOPLIST_KEY_UIApplicationSupportsIndirectInputEvents = YES;
				INFOPLIST_KEY_UILaunchScreen_Generation = YES;
				INFOPLIST_KEY_UISupportedInterfaceOrientations_iPad = "UIInterfaceOrientationPortrait UIInterfaceOrientationPortraitUpsideDown UIInterfaceOrientationLandscapeLeft UIInterfaceOrientationLandscapeRight";
				INFOPLIST_KEY_UISupportedInterfaceOrientations_iPhone = "UIInterfaceOrientationPortrait UIInterfaceOrientationLandscapeLeft UIInterfaceOrientationLandscapeRight";
				LD_RUNPATH_SEARCH_PATHS = (
					"$(inherited)",
					"@executable_path/Frameworks",
				);
				MARKETING_VERSION = 1.0;
				PRODUCT_BUNDLE_IDENTIFIER = "apollorowe.Budj-It";
				PRODUCT_NAME = "$(TARGET_NAME)";
				SWIFT_EMIT_LOC_STRINGS = YES;
				SWIFT_VERSION = 5.0;
				TARGETED_DEVICE_FAMILY = "1,2";
			};
			name = Release;
		};
		F009376F2E2BF3D20035C80D /* Debug */ = {
			isa = XCBuildConfiguration;
			buildSettings = {
				BUNDLE_LOADER = "$(TEST_HOST)";
				CODE_SIGN_STYLE = Automatic;
				CURRENT_PROJECT_VERSION = 1;
				DEVELOPMENT_TEAM = 2R46Z987AY;
				GENERATE_INFOPLIST_FILE = YES;
				IPHONEOS_DEPLOYMENT_TARGET = 18.5;
				MARKETING_VERSION = 1.0;
				PRODUCT_BUNDLE_IDENTIFIER = "apollorowe.Budj-ItTests";
				PRODUCT_NAME = "$(TARGET_NAME)";
				SWIFT_EMIT_LOC_STRINGS = NO;
				SWIFT_VERSION = 5.0;
				TARGETED_DEVICE_FAMILY = "1,2";
				TEST_HOST = "$(BUILT_PRODUCTS_DIR)/Budj.It.app/$(BUNDLE_EXECUTABLE_FOLDER_PATH)/Budj.It";
			};
			name = Debug;
		};
		F00937702E2BF3D20035C80D /* Release */ = {
			isa = XCBuildConfiguration;
			buildSettings = {
				BUNDLE_LOADER = "$(TEST_HOST)";
				CODE_SIGN_STYLE = Automatic;
				CURRENT_PROJECT_VERSION = 1;
				DEVELOPMENT_TEAM = 2R46Z987AY;
				GENERATE_INFOPLIST_FILE = YES;
				IPHONEOS_DEPLOYMENT_TARGET = 18.5;
				MARKETING_VERSION = 1.0;
				PRODUCT_BUNDLE_IDENTIFIER = "apollorowe.Budj-ItTests";
				PRODUCT_NAME = "$(TARGET_NAME)";
				SWIFT_EMIT_LOC_STRINGS = NO;
				SWIFT_VERSION = 5.0;
				TARGETED_DEVICE_FAMILY = "1,2";
				TEST_HOST = "$(BUILT_PRODUCTS_DIR)/Budj.It.app/$(BUNDLE_EXECUTABLE_FOLDER_PATH)/Budj.It";
			};
			name = Release;
		};
		F00937722E2BF3D20035C80D /* Debug */ = {
			isa = XCBuildConfiguration;
			buildSettings = {
				CODE_SIGN_STYLE = Automatic;
				CURRENT_PROJECT_VERSION = 1;
				DEVELOPMENT_TEAM = 2R46Z987AY;
				GENERATE_INFOPLIST_FILE = YES;
				MARKETING_VERSION = 1.0;
				PRODUCT_BUNDLE_IDENTIFIER = "apollorowe.Budj-ItUITests";
				PRODUCT_NAME = "$(TARGET_NAME)";
				SWIFT_EMIT_LOC_STRINGS = NO;
				SWIFT_VERSION = 5.0;
				TARGETED_DEVICE_FAMILY = "1,2";
				TEST_TARGET_NAME = Budj.It;
			};
			name = Debug;
		};
		F00937732E2BF3D20035C80D /* Release */ = {
			isa = XCBuildConfiguration;
			buildSettings = {
				CODE_SIGN_STYLE = Automatic;
				CURRENT_PROJECT_VERSION = 1;
				DEVELOPMENT_TEAM = 2R46Z987AY;
				GENERATE_INFOPLIST_FILE = YES;
				MARKETING_VERSION = 1.0;
				PRODUCT_BUNDLE_IDENTIFIER = "apollorowe.Budj-ItUITests";
				PRODUCT_NAME = "$(TARGET_NAME)";
				SWIFT_EMIT_LOC_STRINGS = NO;
				SWIFT_VERSION = 5.0;
				TARGETED_DEVICE_FAMILY = "1,2";
				TEST_TARGET_NAME = Budj.It;
			};
			name = Release;
		};
/* End XCBuildConfiguration section */

/* Begin XCConfigurationList section */
		F00937432E2BF3CF0035C80D /* Build configuration list for PBXProject "Budj.It" */ = {
			isa = XCConfigurationList;
			buildConfigurations = (
				F00937692E2BF3D20035C80D /* Debug */,
				F009376A2E2BF3D20035C80D /* Release */,
			);
			defaultConfigurationIsVisible = 0;
			defaultConfigurationName = Release;
		};
		F009376B2E2BF3D20035C80D /* Build configuration list for PBXNativeTarget "Budj.It" */ = {
			isa = XCConfigurationList;
			buildConfigurations = (
				F009376C2E2BF3D20035C80D /* Debug */,
				F009376D2E2BF3D20035C80D /* Release */,
			);
			defaultConfigurationIsVisible = 0;
			defaultConfigurationName = Release;
		};
		F009376E2E2BF3D20035C80D /* Build configuration list for PBXNativeTarget "Budj.ItTests" */ = {
			isa = XCConfigurationList;
			buildConfigurations = (
				F009376F2E2BF3D20035C80D /* Debug */,
				F00937702E2BF3D20035C80D /* Release */,
			);
			defaultConfigurationIsVisible = 0;
			defaultConfigurationName = Release;
		};
		F00937712E2BF3D20035C80D /* Build configuration list for PBXNativeTarget "Budj.ItUITests" */ = {
			isa = XCConfigurationList;
			buildConfigurations = (
				F00937722E2BF3D20035C80D /* Debug */,
				F00937732E2BF3D20035C80D /* Release */,
			);
			defaultConfigurationIsVisible = 0;
			defaultConfigurationName = Release;
		};
/* End XCConfigurationList section */

/* Begin XCRemoteSwiftPackageReference section */
		E2A8A5B52E3421DA004DC6C9 /* XCRemoteSwiftPackageReference "amplify-swift" */ = {
			isa = XCRemoteSwiftPackageReference;
			repositoryURL = "https://github.com/aws-amplify/amplify-swift";
			requirement = {
				kind = upToNextMajorVersion;
				minimumVersion = 2.49.1;
			};
		};
		F01EA2942E330B7B0017EC9D /* XCRemoteSwiftPackageReference "SwiftUIFormValidator" */ = {
			isa = XCRemoteSwiftPackageReference;
			repositoryURL = "https://github.com/Open-Bytes/SwiftUIFormValidator.git";
			requirement = {
				kind = upToNextMajorVersion;
				minimumVersion = 1.2.2;
			};
		};
/* End XCRemoteSwiftPackageReference section */

/* Begin XCSwiftPackageProductDependency section */
		E2A8A5B62E3421DA004DC6C9 /* AWSAPIPlugin */ = {
			isa = XCSwiftPackageProductDependency;
			package = E2A8A5B52E3421DA004DC6C9 /* XCRemoteSwiftPackageReference "amplify-swift" */;
			productName = AWSAPIPlugin;
		};
		E2A8A5B82E3421DA004DC6C9 /* AWSCognitoAuthPlugin */ = {
			isa = XCSwiftPackageProductDependency;
			package = E2A8A5B52E3421DA004DC6C9 /* XCRemoteSwiftPackageReference "amplify-swift" */;
			productName = AWSCognitoAuthPlugin;
		};
		E2A8A5BA2E3421DA004DC6C9 /* AWSDataStorePlugin */ = {
			isa = XCSwiftPackageProductDependency;
			package = E2A8A5B52E3421DA004DC6C9 /* XCRemoteSwiftPackageReference "amplify-swift" */;
			productName = AWSDataStorePlugin;
		};
		F01EA2952E330B7B0017EC9D /* FormValidator */ = {
			isa = XCSwiftPackageProductDependency;
			package = F01EA2942E330B7B0017EC9D /* XCRemoteSwiftPackageReference "SwiftUIFormValidator" */;
			productName = FormValidator;
		};
/* End XCSwiftPackageProductDependency section */
	};
	rootObject = F00937402E2BF3CF0035C80D /* Project object */;
}
